
Microsoft Visual Studio Solution File, Format Version 12.00
# Visual Studio Version 17
VisualStudioVersion = 17.14.36518.9
MinimumVisualStudioVersion = 10.0.40219.1
Project("{FAE04EC0-301F-11D3-BF4B-00C04F79EFBC}") = "ExpenseManagement.Api", "ExpenseManagement.Api\ExpenseManagement.Api.csproj", "{B58056D8-D2C2-4D77-B77E-425C53EB02DB}"
EndProject
Project("{FAE04EC0-301F-11D3-BF4B-00C04F79EFBC}") = "ExpenseManagement.Web", "ExpenseManagement.Web\ExpenseManagement.Web.csproj", "{A26B1E8C-23B9-4BBA-A7CF-93B41491EC3A}"
EndProject
Project("{FAE04EC0-301F-11D3-BF4B-00C04F79EFBC}") = "ExpenseManagement.Shared", "ExpenseManagement.Shared\ExpenseManagement.Shared.csproj", "{6C56A95A-C98E-464C-A3B8-4EB097DAB78A}"
EndProject
Global
	GlobalSection(SolutionConfigurationPlatforms) = preSolution
		Debug|Any CPU = Debug|Any CPU
		Release|Any CPU = Release|Any CPU
	EndGlobalSection
	GlobalSection(ProjectConfigurationPlatforms) = postSolution
		{B58056D8-D2C2-4D77-B77E-425C53EB02DB}.Debug|Any CPU.ActiveCfg = Debug|Any CPU
		{B58056D8-D2C2-4D77-B77E-425C53EB02DB}.Debug|Any CPU.Build.0 = Debug|Any CPU
		{B58056D8-D2C2-4D77-B77E-425C53EB02DB}.Release|Any CPU.ActiveCfg = Release|Any CPU
		{B58056D8-D2C2-4D77-B77E-425C53EB02DB}.Release|Any CPU.Build.0 = Release|Any CPU
		{A26B1E8C-23B9-4BBA-A7CF-93B41491EC3A}.Debug|Any CPU.ActiveCfg = Debug|Any CPU
		{A26B1E8C-23B9-4BBA-A7CF-93B41491EC3A}.Debug|Any CPU.Build.0 = Debug|Any CPU
		{A26B1E8C-23B9-4BBA-A7CF-93B41491EC3A}.Release|Any CPU.ActiveCfg = Release|Any CPU
		{A26B1E8C-23B9-4BBA-A7CF-93B41491EC3A}.Release|Any CPU.Build.0 = Release|Any CPU
		{6C56A95A-C98E-464C-A3B8-4EB097DAB78A}.Debug|Any CPU.ActiveCfg = Debug|Any CPU
		{6C56A95A-C98E-464C-A3B8-4EB097DAB78A}.Debug|Any CPU.Build.0 = Debug|Any CPU
		{6C56A95A-C98E-464C-A3B8-4EB097DAB78A}.Release|Any CPU.ActiveCfg = Release|Any CPU
		{6C56A95A-C98E-464C-A3B8-4EB097DAB78A}.Release|Any CPU.Build.0 = Release|Any CPU
	EndGlobalSection
	GlobalSection(SolutionProperties) = preSolution
		HideSolutionNode = FALSE
	EndGlobalSection
	GlobalSection(ExtensibilityGlobals) = postSolution
		SolutionGuid = {BE6A5AD0-CC6E-457D-8E70-EE7057AB8514}
	EndGlobalSection
EndGlobal
